// !$*UTF8*$!
{
	archiveVersion = 1;
	classes = {
	};
	objectVersion = 60;
	objects = {

/* Begin PBXBuildFile section */
		E13829902C337588000DA139 /* ResumeRowView.swift in Sources */ = {isa = PBXBuildFile; fileRef = E138298F2C337588000DA139 /* ResumeRowView.swift */; };
		E13829952C343C22000DA139 /* SDWebImageSwiftUI in Frameworks */ = {isa = PBXBuildFile; productRef = E13829942C343C22000DA139 /* SDWebImageSwiftUI */; };
		E13829972C347729000DA139 /* InputFormView.swift in Sources */ = {isa = PBXBuildFile; fileRef = E13829962C347729000DA139 /* InputFormView.swift */; };
		E138299B2C34A186000DA139 /* Note.swift in Sources */ = {isa = PBXBuildFile; fileRef = E138299A2C34A184000DA139 /* Note.swift */; };
		E1908B4E2C2F4F2A002C8F5F /* OpenCVApp.swift in Sources */ = {isa = PBXBuildFile; fileRef = E1908B4D2C2F4F2A002C8F5F /* OpenCVApp.swift */; };
		E1908B502C2F4F2A002C8F5F /* ContentView.swift in Sources */ = {isa = PBXBuildFile; fileRef = E1908B4F2C2F4F2A002C8F5F /* ContentView.swift */; };
		E1908B522C2F4F2A002C8F5F /* Item.swift in Sources */ = {isa = PBXBuildFile; fileRef = E1908B512C2F4F2A002C8F5F /* Item.swift */; };
		E1908B542C2F4F2C002C8F5F /* Assets.xcassets in Resources */ = {isa = PBXBuildFile; fileRef = E1908B532C2F4F2C002C8F5F /* Assets.xcassets */; };
		E1908B572C2F4F2C002C8F5F /* Preview Assets.xcassets in Resources */ = {isa = PBXBuildFile; fileRef = E1908B562C2F4F2C002C8F5F /* Preview Assets.xcassets */; };
		E1908B612C2F4F2C002C8F5F /* OpenCVTests.swift in Sources */ = {isa = PBXBuildFile; fileRef = E1908B602C2F4F2C002C8F5F /* OpenCVTests.swift */; };
		E1908B6B2C2F4F2C002C8F5F /* OpenCVUITests.swift in Sources */ = {isa = PBXBuildFile; fileRef = E1908B6A2C2F4F2C002C8F5F /* OpenCVUITests.swift */; };
		E1908B6D2C2F4F2C002C8F5F /* OpenCVUITestsLaunchTests.swift in Sources */ = {isa = PBXBuildFile; fileRef = E1908B6C2C2F4F2C002C8F5F /* OpenCVUITestsLaunchTests.swift */; };
		E1908B7C2C2F5EFC002C8F5F /* ResumeModels.swift in Sources */ = {isa = PBXBuildFile; fileRef = E1908B7B2C2F5EF9002C8F5F /* ResumeModels.swift */; };
		E1AD86122C30B0AA008F38A3 /* MeshGradientView.swift in Sources */ = {isa = PBXBuildFile; fileRef = E1AD86112C30B099008F38A3 /* MeshGradientView.swift */; };
		E1AD86142C30BBFA008F38A3 /* resume.json in Resources */ = {isa = PBXBuildFile; fileRef = E1AD86132C30BBE3008F38A3 /* resume.json */; };
		E1AD86162C30C264008F38A3 /* EducationView.swift in Sources */ = {isa = PBXBuildFile; fileRef = E1AD86152C30C251008F38A3 /* EducationView.swift */; };
		E1AD86182C30D2FB008F38A3 /* VolunteerView.swift in Sources */ = {isa = PBXBuildFile; fileRef = E1AD86172C30D2F3008F38A3 /* VolunteerView.swift */; };
		E1AD86202C31A385008F38A3 /* BasicsView.swift in Sources */ = {isa = PBXBuildFile; fileRef = E1AD861F2C31A380008F38A3 /* BasicsView.swift */; };
		E1AD86222C31A67D008F38A3 /* ProjectsView.swift in Sources */ = {isa = PBXBuildFile; fileRef = E1AD86212C31A676008F38A3 /* ProjectsView.swift */; };
		E1AD86242C31A9DE008F38A3 /* LanguagesView.swift in Sources */ = {isa = PBXBuildFile; fileRef = E1AD86232C31A9DE008F38A3 /* LanguagesView.swift */; };
		E1AD86262C31AC37008F38A3 /* AwardsView.swift in Sources */ = {isa = PBXBuildFile; fileRef = E1AD86252C31AC37008F38A3 /* AwardsView.swift */; };
		E1AD86282C31AECD008F38A3 /* CertificatesView.swift in Sources */ = {isa = PBXBuildFile; fileRef = E1AD86272C31AECD008F38A3 /* CertificatesView.swift */; };
		E1AD862A2C31B2B1008F38A3 /* PublicationsView.swift in Sources */ = {isa = PBXBuildFile; fileRef = E1AD86292C31B2B1008F38A3 /* PublicationsView.swift */; };
		E1AD862C2C31BA62008F38A3 /* InterestsView.swift in Sources */ = {isa = PBXBuildFile; fileRef = E1AD862B2C31BA62008F38A3 /* InterestsView.swift */; };
		E1AD862E2C31BA84008F38A3 /* ReferencesView.swift in Sources */ = {isa = PBXBuildFile; fileRef = E1AD862D2C31BA84008F38A3 /* ReferencesView.swift */; };
		E1AD86312C31BE5F008F38A3 /* SwiftUI+Utils.swift in Sources */ = {isa = PBXBuildFile; fileRef = E1AD86302C31BE4D008F38A3 /* SwiftUI+Utils.swift */; };
		E1AD86372C31D51F008F38A3 /* ResumeListView.swift in Sources */ = {isa = PBXBuildFile; fileRef = E1AD86362C31D51F008F38A3 /* ResumeListView.swift */; };
		E1AD86392C31D67A008F38A3 /* ResumeListViewModel.swift in Sources */ = {isa = PBXBuildFile; fileRef = E1AD86382C31D678008F38A3 /* ResumeListViewModel.swift */; };
		E1AD863B2C31D6C3008F38A3 /* Person.swift in Sources */ = {isa = PBXBuildFile; fileRef = E1AD863A2C31D6BE008F38A3 /* Person.swift */; };
		E1AD863D2C32229D008F38A3 /* CachedResumeView.swift in Sources */ = {isa = PBXBuildFile; fileRef = E1AD863C2C32229D008F38A3 /* CachedResumeView.swift */; };
		E1E8457A2C35A9D60065489C /* MyNotesView.swift in Sources */ = {isa = PBXBuildFile; fileRef = E1E845792C35A9D60065489C /* MyNotesView.swift */; };
		E1E8457C2C35AE730065489C /* MyNotesViewModel.swift in Sources */ = {isa = PBXBuildFile; fileRef = E1E8457B2C35AE690065489C /* MyNotesViewModel.swift */; };
		E1E8457F2C35B8280065489C /* ResumeLoaderService.swift in Sources */ = {isa = PBXBuildFile; fileRef = E1E8457E2C35B81C0065489C /* ResumeLoaderService.swift */; };
		E1F487222C2F61B600031976 /* schema.json in Sources */ = {isa = PBXBuildFile; fileRef = E1F487212C2F61AF00031976 /* schema.json */; };
		E1F487242C2F659200031976 /* sampleResume.json in Resources */ = {isa = PBXBuildFile; fileRef = E1F487232C2F658700031976 /* sampleResume.json */; };
		E1F487262C2F670900031976 /* ResumeViewModel.swift in Sources */ = {isa = PBXBuildFile; fileRef = E1F487252C2F670300031976 /* ResumeViewModel.swift */; };
		E1F487282C2F78EC00031976 /* ResumeView.swift in Sources */ = {isa = PBXBuildFile; fileRef = E1F487272C2F78E600031976 /* ResumeView.swift */; };
		E1F4872A2C2F962B00031976 /* SkillsView.swift in Sources */ = {isa = PBXBuildFile; fileRef = E1F487292C2F962600031976 /* SkillsView.swift */; };
		E1F4872C2C2F96B100031976 /* WorkView.swift in Sources */ = {isa = PBXBuildFile; fileRef = E1F4872B2C2F96A800031976 /* WorkView.swift */; };
/* End PBXBuildFile section */

/* Begin PBXContainerItemProxy section */
		E1908B5D2C2F4F2C002C8F5F /* PBXContainerItemProxy */ = {
			isa = PBXContainerItemProxy;
			containerPortal = E1908B422C2F4F2A002C8F5F /* Project object */;
			proxyType = 1;
			remoteGlobalIDString = E1908B492C2F4F2A002C8F5F;
			remoteInfo = OpenCV;
		};
		E1908B672C2F4F2C002C8F5F /* PBXContainerItemProxy */ = {
			isa = PBXContainerItemProxy;
			containerPortal = E1908B422C2F4F2A002C8F5F /* Project object */;
			proxyType = 1;
			remoteGlobalIDString = E1908B492C2F4F2A002C8F5F;
			remoteInfo = OpenCV;
		};
/* End PBXContainerItemProxy section */

/* Begin PBXFileReference section */
		E138298F2C337588000DA139 /* ResumeRowView.swift */ = {isa = PBXFileReference; lastKnownFileType = sourcecode.swift; path = ResumeRowView.swift; sourceTree = "<group>"; };
		E13829962C347729000DA139 /* InputFormView.swift */ = {isa = PBXFileReference; lastKnownFileType = sourcecode.swift; path = InputFormView.swift; sourceTree = "<group>"; };
		E138299A2C34A184000DA139 /* Note.swift */ = {isa = PBXFileReference; lastKnownFileType = sourcecode.swift; path = Note.swift; sourceTree = "<group>"; };
		E1908B4A2C2F4F2A002C8F5F /* JSON CV.app */ = {isa = PBXFileReference; explicitFileType = wrapper.application; includeInIndex = 0; path = "JSON CV.app"; sourceTree = BUILT_PRODUCTS_DIR; };
		E1908B4D2C2F4F2A002C8F5F /* OpenCVApp.swift */ = {isa = PBXFileReference; lastKnownFileType = sourcecode.swift; path = OpenCVApp.swift; sourceTree = "<group>"; };
		E1908B4F2C2F4F2A002C8F5F /* ContentView.swift */ = {isa = PBXFileReference; lastKnownFileType = sourcecode.swift; path = ContentView.swift; sourceTree = "<group>"; };
		E1908B512C2F4F2A002C8F5F /* Item.swift */ = {isa = PBXFileReference; lastKnownFileType = sourcecode.swift; path = Item.swift; sourceTree = "<group>"; };
		E1908B532C2F4F2C002C8F5F /* Assets.xcassets */ = {isa = PBXFileReference; lastKnownFileType = folder.assetcatalog; path = Assets.xcassets; sourceTree = "<group>"; };
		E1908B562C2F4F2C002C8F5F /* Preview Assets.xcassets */ = {isa = PBXFileReference; lastKnownFileType = folder.assetcatalog; path = "Preview Assets.xcassets"; sourceTree = "<group>"; };
		E1908B5C2C2F4F2C002C8F5F /* OpenCVTests.xctest */ = {isa = PBXFileReference; explicitFileType = wrapper.cfbundle; includeInIndex = 0; path = OpenCVTests.xctest; sourceTree = BUILT_PRODUCTS_DIR; };
		E1908B602C2F4F2C002C8F5F /* OpenCVTests.swift */ = {isa = PBXFileReference; lastKnownFileType = sourcecode.swift; path = OpenCVTests.swift; sourceTree = "<group>"; };
		E1908B662C2F4F2C002C8F5F /* OpenCVUITests.xctest */ = {isa = PBXFileReference; explicitFileType = wrapper.cfbundle; includeInIndex = 0; path = OpenCVUITests.xctest; sourceTree = BUILT_PRODUCTS_DIR; };
		E1908B6A2C2F4F2C002C8F5F /* OpenCVUITests.swift */ = {isa = PBXFileReference; lastKnownFileType = sourcecode.swift; path = OpenCVUITests.swift; sourceTree = "<group>"; };
		E1908B6C2C2F4F2C002C8F5F /* OpenCVUITestsLaunchTests.swift */ = {isa = PBXFileReference; lastKnownFileType = sourcecode.swift; path = OpenCVUITestsLaunchTests.swift; sourceTree = "<group>"; };
		E1908B7B2C2F5EF9002C8F5F /* ResumeModels.swift */ = {isa = PBXFileReference; lastKnownFileType = sourcecode.swift; path = ResumeModels.swift; sourceTree = "<group>"; };
		E1AD86112C30B099008F38A3 /* MeshGradientView.swift */ = {isa = PBXFileReference; lastKnownFileType = sourcecode.swift; path = MeshGradientView.swift; sourceTree = "<group>"; };
		E1AD86132C30BBE3008F38A3 /* resume.json */ = {isa = PBXFileReference; lastKnownFileType = text.json; path = resume.json; sourceTree = "<group>"; xcLanguageSpecificationIdentifier = xcode.lang.json; };
		E1AD86152C30C251008F38A3 /* EducationView.swift */ = {isa = PBXFileReference; lastKnownFileType = sourcecode.swift; path = EducationView.swift; sourceTree = "<group>"; };
		E1AD86172C30D2F3008F38A3 /* VolunteerView.swift */ = {isa = PBXFileReference; lastKnownFileType = sourcecode.swift; path = VolunteerView.swift; sourceTree = "<group>"; };
		E1AD861F2C31A380008F38A3 /* BasicsView.swift */ = {isa = PBXFileReference; lastKnownFileType = sourcecode.swift; path = BasicsView.swift; sourceTree = "<group>"; };
		E1AD86212C31A676008F38A3 /* ProjectsView.swift */ = {isa = PBXFileReference; lastKnownFileType = sourcecode.swift; path = ProjectsView.swift; sourceTree = "<group>"; };
		E1AD86232C31A9DE008F38A3 /* LanguagesView.swift */ = {isa = PBXFileReference; lastKnownFileType = sourcecode.swift; path = LanguagesView.swift; sourceTree = "<group>"; };
		E1AD86252C31AC37008F38A3 /* AwardsView.swift */ = {isa = PBXFileReference; lastKnownFileType = sourcecode.swift; path = AwardsView.swift; sourceTree = "<group>"; };
		E1AD86272C31AECD008F38A3 /* CertificatesView.swift */ = {isa = PBXFileReference; lastKnownFileType = sourcecode.swift; path = CertificatesView.swift; sourceTree = "<group>"; };
		E1AD86292C31B2B1008F38A3 /* PublicationsView.swift */ = {isa = PBXFileReference; lastKnownFileType = sourcecode.swift; path = PublicationsView.swift; sourceTree = "<group>"; };
		E1AD862B2C31BA62008F38A3 /* InterestsView.swift */ = {isa = PBXFileReference; lastKnownFileType = sourcecode.swift; path = InterestsView.swift; sourceTree = "<group>"; };
		E1AD862D2C31BA84008F38A3 /* ReferencesView.swift */ = {isa = PBXFileReference; lastKnownFileType = sourcecode.swift; path = ReferencesView.swift; sourceTree = "<group>"; };
		E1AD86302C31BE4D008F38A3 /* SwiftUI+Utils.swift */ = {isa = PBXFileReference; lastKnownFileType = sourcecode.swift; path = "SwiftUI+Utils.swift"; sourceTree = "<group>"; };
		E1AD86362C31D51F008F38A3 /* ResumeListView.swift */ = {isa = PBXFileReference; lastKnownFileType = sourcecode.swift; path = ResumeListView.swift; sourceTree = "<group>"; };
		E1AD86382C31D678008F38A3 /* ResumeListViewModel.swift */ = {isa = PBXFileReference; lastKnownFileType = sourcecode.swift; path = ResumeListViewModel.swift; sourceTree = "<group>"; };
		E1AD863A2C31D6BE008F38A3 /* Person.swift */ = {isa = PBXFileReference; lastKnownFileType = sourcecode.swift; path = Person.swift; sourceTree = "<group>"; };
		E1AD863C2C32229D008F38A3 /* CachedResumeView.swift */ = {isa = PBXFileReference; lastKnownFileType = sourcecode.swift; path = CachedResumeView.swift; sourceTree = "<group>"; };
		E1E845792C35A9D60065489C /* MyNotesView.swift */ = {isa = PBXFileReference; lastKnownFileType = sourcecode.swift; path = MyNotesView.swift; sourceTree = "<group>"; };
		E1E8457B2C35AE690065489C /* MyNotesViewModel.swift */ = {isa = PBXFileReference; lastKnownFileType = sourcecode.swift; path = MyNotesViewModel.swift; sourceTree = "<group>"; };
		E1E8457E2C35B81C0065489C /* ResumeLoaderService.swift */ = {isa = PBXFileReference; lastKnownFileType = sourcecode.swift; path = ResumeLoaderService.swift; sourceTree = "<group>"; };
		E1F487212C2F61AF00031976 /* schema.json */ = {isa = PBXFileReference; lastKnownFileType = text.json; path = schema.json; sourceTree = "<group>"; };
		E1F487232C2F658700031976 /* sampleResume.json */ = {isa = PBXFileReference; lastKnownFileType = text.json; path = sampleResume.json; sourceTree = "<group>"; };
		E1F487252C2F670300031976 /* ResumeViewModel.swift */ = {isa = PBXFileReference; lastKnownFileType = sourcecode.swift; path = ResumeViewModel.swift; sourceTree = "<group>"; };
		E1F487272C2F78E600031976 /* ResumeView.swift */ = {isa = PBXFileReference; lastKnownFileType = sourcecode.swift; path = ResumeView.swift; sourceTree = "<group>"; };
		E1F487292C2F962600031976 /* SkillsView.swift */ = {isa = PBXFileReference; lastKnownFileType = sourcecode.swift; path = SkillsView.swift; sourceTree = "<group>"; };
		E1F4872B2C2F96A800031976 /* WorkView.swift */ = {isa = PBXFileReference; lastKnownFileType = sourcecode.swift; path = WorkView.swift; sourceTree = "<group>"; };
/* End PBXFileReference section */

/* Begin PBXFrameworksBuildPhase section */
		E1908B472C2F4F2A002C8F5F /* Frameworks */ = {
			isa = PBXFrameworksBuildPhase;
			buildActionMask = 2147483647;
			files = (
				E13829952C343C22000DA139 /* SDWebImageSwiftUI in Frameworks */,
			);
			runOnlyForDeploymentPostprocessing = 0;
		};
		E1908B592C2F4F2C002C8F5F /* Frameworks */ = {
			isa = PBXFrameworksBuildPhase;
			buildActionMask = 2147483647;
			files = (
			);
			runOnlyForDeploymentPostprocessing = 0;
		};
		E1908B632C2F4F2C002C8F5F /* Frameworks */ = {
			isa = PBXFrameworksBuildPhase;
			buildActionMask = 2147483647;
			files = (
			);
			runOnlyForDeploymentPostprocessing = 0;
		};
/* End PBXFrameworksBuildPhase section */

/* Begin PBXGroup section */
		E1908B412C2F4F2A002C8F5F = {
			isa = PBXGroup;
			children = (
				E1908B4C2C2F4F2A002C8F5F /* OpenCV */,
				E1908B5F2C2F4F2C002C8F5F /* OpenCVTests */,
				E1908B692C2F4F2C002C8F5F /* OpenCVUITests */,
				E1908B4B2C2F4F2A002C8F5F /* Products */,
			);
			sourceTree = "<group>";
		};
		E1908B4B2C2F4F2A002C8F5F /* Products */ = {
			isa = PBXGroup;
			children = (
				E1908B4A2C2F4F2A002C8F5F /* JSON CV.app */,
				E1908B5C2C2F4F2C002C8F5F /* OpenCVTests.xctest */,
				E1908B662C2F4F2C002C8F5F /* OpenCVUITests.xctest */,
			);
			name = Products;
			sourceTree = "<group>";
		};
		E1908B4C2C2F4F2A002C8F5F /* OpenCV */ = {
			isa = PBXGroup;
			children = (
				E1908B4D2C2F4F2A002C8F5F /* OpenCVApp.swift */,
				E1E8457D2C35B8020065489C /* Services */,
				E1AD862F2C31BE41008F38A3 /* Utils */,
				E1AD86192C319FF7008F38A3 /* Modules */,
				E1F487232C2F658700031976 /* sampleResume.json */,
				E1AD86132C30BBE3008F38A3 /* resume.json */,
				E1F487212C2F61AF00031976 /* schema.json */,
				E1908B4F2C2F4F2A002C8F5F /* ContentView.swift */,
				E1908B512C2F4F2A002C8F5F /* Item.swift */,
				E1908B532C2F4F2C002C8F5F /* Assets.xcassets */,
				E1908B552C2F4F2C002C8F5F /* Preview Content */,
			);
			path = OpenCV;
			sourceTree = "<group>";
		};
		E1908B552C2F4F2C002C8F5F /* Preview Content */ = {
			isa = PBXGroup;
			children = (
				E1908B562C2F4F2C002C8F5F /* Preview Assets.xcassets */,
			);
			path = "Preview Content";
			sourceTree = "<group>";
		};
		E1908B5F2C2F4F2C002C8F5F /* OpenCVTests */ = {
			isa = PBXGroup;
			children = (
				E1908B602C2F4F2C002C8F5F /* OpenCVTests.swift */,
			);
			path = OpenCVTests;
			sourceTree = "<group>";
		};
		E1908B692C2F4F2C002C8F5F /* OpenCVUITests */ = {
			isa = PBXGroup;
			children = (
				E1908B6A2C2F4F2C002C8F5F /* OpenCVUITests.swift */,
				E1908B6C2C2F4F2C002C8F5F /* OpenCVUITestsLaunchTests.swift */,
			);
			path = OpenCVUITests;
			sourceTree = "<group>";
		};
		E1AD86192C319FF7008F38A3 /* Modules */ = {
			isa = PBXGroup;
			children = (
				E1AD86322C31D4E3008F38A3 /* ResumeList */,
				E1AD861A2C31A008008F38A3 /* Resume */,
			);
			path = Modules;
			sourceTree = "<group>";
		};
		E1AD861A2C31A008008F38A3 /* Resume */ = {
			isa = PBXGroup;
			children = (
				E1AD861B2C31A017008F38A3 /* View */,
				E1AD861C2C31A01E008F38A3 /* ViewModel */,
				E1AD861D2C31A026008F38A3 /* Model */,
			);
			path = Resume;
			sourceTree = "<group>";
		};
		E1AD861B2C31A017008F38A3 /* View */ = {
			isa = PBXGroup;
			children = (
				E1F487272C2F78E600031976 /* ResumeView.swift */,
				E1AD861E2C31A03B008F38A3 /* SubViews */,
			);
			path = View;
			sourceTree = "<group>";
		};
		E1AD861C2C31A01E008F38A3 /* ViewModel */ = {
			isa = PBXGroup;
			children = (
				E1E8457B2C35AE690065489C /* MyNotesViewModel.swift */,
				E1F487252C2F670300031976 /* ResumeViewModel.swift */,
			);
			path = ViewModel;
			sourceTree = "<group>";
		};
		E1AD861D2C31A026008F38A3 /* Model */ = {
			isa = PBXGroup;
			children = (
				E138299A2C34A184000DA139 /* Note.swift */,
				E1908B7B2C2F5EF9002C8F5F /* ResumeModels.swift */,
			);
			path = Model;
			sourceTree = "<group>";
		};
		E1AD861E2C31A03B008F38A3 /* SubViews */ = {
			isa = PBXGroup;
			children = (
				E1AD86112C30B099008F38A3 /* MeshGradientView.swift */,
				E1AD861F2C31A380008F38A3 /* BasicsView.swift */,
				E1F4872B2C2F96A800031976 /* WorkView.swift */,
				E1AD86212C31A676008F38A3 /* ProjectsView.swift */,
				E1AD86152C30C251008F38A3 /* EducationView.swift */,
				E1AD86232C31A9DE008F38A3 /* LanguagesView.swift */,
				E1AD86172C30D2F3008F38A3 /* VolunteerView.swift */,
				E1F487292C2F962600031976 /* SkillsView.swift */,
				E1AD86252C31AC37008F38A3 /* AwardsView.swift */,
				E1AD86272C31AECD008F38A3 /* CertificatesView.swift */,
				E1AD86292C31B2B1008F38A3 /* PublicationsView.swift */,
				E1AD862B2C31BA62008F38A3 /* InterestsView.swift */,
				E1AD862D2C31BA84008F38A3 /* ReferencesView.swift */,
				E1AD863C2C32229D008F38A3 /* CachedResumeView.swift */,
				E1E845792C35A9D60065489C /* MyNotesView.swift */,
			);
			path = SubViews;
			sourceTree = "<group>";
		};
		E1AD862F2C31BE41008F38A3 /* Utils */ = {
			isa = PBXGroup;
			children = (
				E1AD86302C31BE4D008F38A3 /* SwiftUI+Utils.swift */,
			);
			path = Utils;
			sourceTree = "<group>";
		};
		E1AD86322C31D4E3008F38A3 /* ResumeList */ = {
			isa = PBXGroup;
			children = (
				E1AD86352C31D509008F38A3 /* View */,
				E1AD86342C31D501008F38A3 /* ViewModel */,
				E1AD86332C31D4F9008F38A3 /* Model */,
			);
			path = ResumeList;
			sourceTree = "<group>";
		};
		E1AD86332C31D4F9008F38A3 /* Model */ = {
			isa = PBXGroup;
			children = (
				E1AD863A2C31D6BE008F38A3 /* Person.swift */,
			);
			path = Model;
			sourceTree = "<group>";
		};
		E1AD86342C31D501008F38A3 /* ViewModel */ = {
			isa = PBXGroup;
			children = (
				E1AD86382C31D678008F38A3 /* ResumeListViewModel.swift */,
			);
			path = ViewModel;
			sourceTree = "<group>";
		};
		E1AD86352C31D509008F38A3 /* View */ = {
			isa = PBXGroup;
			children = (
				E1AD86362C31D51F008F38A3 /* ResumeListView.swift */,
				E138298F2C337588000DA139 /* ResumeRowView.swift */,
				E13829962C347729000DA139 /* InputFormView.swift */,
			);
			path = View;
			sourceTree = "<group>";
		};
		E1E8457D2C35B8020065489C /* Services */ = {
			isa = PBXGroup;
			children = (
				E1E8457E2C35B81C0065489C /* ResumeLoaderService.swift */,
			);
			path = Services;
			sourceTree = "<group>";
		};
/* End PBXGroup section */

/* Begin PBXNativeTarget section */
		E1908B492C2F4F2A002C8F5F /* OpenCV */ = {
			isa = PBXNativeTarget;
			buildConfigurationList = E1908B702C2F4F2C002C8F5F /* Build configuration list for PBXNativeTarget "OpenCV" */;
			buildPhases = (
				E1908B462C2F4F2A002C8F5F /* Sources */,
				E1908B472C2F4F2A002C8F5F /* Frameworks */,
				E1908B482C2F4F2A002C8F5F /* Resources */,
			);
			buildRules = (
			);
			dependencies = (
			);
			name = OpenCV;
			packageProductDependencies = (
				E13829942C343C22000DA139 /* SDWebImageSwiftUI */,
			);
			productName = OpenCV;
			productReference = E1908B4A2C2F4F2A002C8F5F /* JSON CV.app */;
			productType = "com.apple.product-type.application";
		};
		E1908B5B2C2F4F2C002C8F5F /* OpenCVTests */ = {
			isa = PBXNativeTarget;
			buildConfigurationList = E1908B732C2F4F2C002C8F5F /* Build configuration list for PBXNativeTarget "OpenCVTests" */;
			buildPhases = (
				E1908B582C2F4F2C002C8F5F /* Sources */,
				E1908B592C2F4F2C002C8F5F /* Frameworks */,
				E1908B5A2C2F4F2C002C8F5F /* Resources */,
			);
			buildRules = (
			);
			dependencies = (
				E1908B5E2C2F4F2C002C8F5F /* PBXTargetDependency */,
			);
			name = OpenCVTests;
			productName = OpenCVTests;
			productReference = E1908B5C2C2F4F2C002C8F5F /* OpenCVTests.xctest */;
			productType = "com.apple.product-type.bundle.unit-test";
		};
		E1908B652C2F4F2C002C8F5F /* OpenCVUITests */ = {
			isa = PBXNativeTarget;
			buildConfigurationList = E1908B762C2F4F2C002C8F5F /* Build configuration list for PBXNativeTarget "OpenCVUITests" */;
			buildPhases = (
				E1908B622C2F4F2C002C8F5F /* Sources */,
				E1908B632C2F4F2C002C8F5F /* Frameworks */,
				E1908B642C2F4F2C002C8F5F /* Resources */,
			);
			buildRules = (
			);
			dependencies = (
				E1908B682C2F4F2C002C8F5F /* PBXTargetDependency */,
			);
			name = OpenCVUITests;
			productName = OpenCVUITests;
			productReference = E1908B662C2F4F2C002C8F5F /* OpenCVUITests.xctest */;
			productType = "com.apple.product-type.bundle.ui-testing";
		};
/* End PBXNativeTarget section */

/* Begin PBXProject section */
		E1908B422C2F4F2A002C8F5F /* Project object */ = {
			isa = PBXProject;
			attributes = {
				BuildIndependentTargetsInParallel = 1;
				LastSwiftUpdateCheck = 1600;
				LastUpgradeCheck = 1600;
				TargetAttributes = {
					E1908B492C2F4F2A002C8F5F = {
						CreatedOnToolsVersion = 16.0;
					};
					E1908B5B2C2F4F2C002C8F5F = {
						CreatedOnToolsVersion = 16.0;
						TestTargetID = E1908B492C2F4F2A002C8F5F;
					};
					E1908B652C2F4F2C002C8F5F = {
						CreatedOnToolsVersion = 16.0;
						TestTargetID = E1908B492C2F4F2A002C8F5F;
					};
				};
			};
			buildConfigurationList = E1908B452C2F4F2A002C8F5F /* Build configuration list for PBXProject "OpenCV" */;
			compatibilityVersion = "Xcode 15.0";
			developmentRegion = en;
			hasScannedForEncodings = 0;
			knownRegions = (
				en,
				Base,
			);
			mainGroup = E1908B412C2F4F2A002C8F5F;
			packageReferences = (
				E13829932C343C22000DA139 /* XCRemoteSwiftPackageReference "SDWebImageSwiftUI" */,
			);
			productRefGroup = E1908B4B2C2F4F2A002C8F5F /* Products */;
			projectDirPath = "";
			projectRoot = "";
			targets = (
				E1908B492C2F4F2A002C8F5F /* OpenCV */,
				E1908B5B2C2F4F2C002C8F5F /* OpenCVTests */,
				E1908B652C2F4F2C002C8F5F /* OpenCVUITests */,
			);
		};
/* End PBXProject section */

/* Begin PBXResourcesBuildPhase section */
		E1908B482C2F4F2A002C8F5F /* Resources */ = {
			isa = PBXResourcesBuildPhase;
			buildActionMask = 2147483647;
			files = (
				E1AD86142C30BBFA008F38A3 /* resume.json in Resources */,
				E1908B572C2F4F2C002C8F5F /* Preview Assets.xcassets in Resources */,
				E1F487242C2F659200031976 /* sampleResume.json in Resources */,
				E1908B542C2F4F2C002C8F5F /* Assets.xcassets in Resources */,
			);
			runOnlyForDeploymentPostprocessing = 0;
		};
		E1908B5A2C2F4F2C002C8F5F /* Resources */ = {
			isa = PBXResourcesBuildPhase;
			buildActionMask = 2147483647;
			files = (
			);
			runOnlyForDeploymentPostprocessing = 0;
		};
		E1908B642C2F4F2C002C8F5F /* Resources */ = {
			isa = PBXResourcesBuildPhase;
			buildActionMask = 2147483647;
			files = (
			);
			runOnlyForDeploymentPostprocessing = 0;
		};
/* End PBXResourcesBuildPhase section */

/* Begin PBXSourcesBuildPhase section */
		E1908B462C2F4F2A002C8F5F /* Sources */ = {
			isa = PBXSourcesBuildPhase;
			buildActionMask = 2147483647;
			files = (
				E1AD863B2C31D6C3008F38A3 /* Person.swift in Sources */,
				E1AD86242C31A9DE008F38A3 /* LanguagesView.swift in Sources */,
				E1AD86372C31D51F008F38A3 /* ResumeListView.swift in Sources */,
				E1F487222C2F61B600031976 /* schema.json in Sources */,
				E1908B502C2F4F2A002C8F5F /* ContentView.swift in Sources */,
				E1908B7C2C2F5EFC002C8F5F /* ResumeModels.swift in Sources */,
				E1AD86282C31AECD008F38A3 /* CertificatesView.swift in Sources */,
				E1F4872C2C2F96B100031976 /* WorkView.swift in Sources */,
				E1F4872A2C2F962B00031976 /* SkillsView.swift in Sources */,
				E1AD862A2C31B2B1008F38A3 /* PublicationsView.swift in Sources */,
				E1AD86262C31AC37008F38A3 /* AwardsView.swift in Sources */,
				E1AD86312C31BE5F008F38A3 /* SwiftUI+Utils.swift in Sources */,
				E1908B522C2F4F2A002C8F5F /* Item.swift in Sources */,
				E1E8457A2C35A9D60065489C /* MyNotesView.swift in Sources */,
				E1AD863D2C32229D008F38A3 /* CachedResumeView.swift in Sources */,
				E1908B4E2C2F4F2A002C8F5F /* OpenCVApp.swift in Sources */,
				E1AD86182C30D2FB008F38A3 /* VolunteerView.swift in Sources */,
				E1F487262C2F670900031976 /* ResumeViewModel.swift in Sources */,
				E1E8457C2C35AE730065489C /* MyNotesViewModel.swift in Sources */,
				E13829972C347729000DA139 /* InputFormView.swift in Sources */,
				E138299B2C34A186000DA139 /* Note.swift in Sources */,
				E1AD86202C31A385008F38A3 /* BasicsView.swift in Sources */,
				E13829902C337588000DA139 /* ResumeRowView.swift in Sources */,
				E1E8457F2C35B8280065489C /* ResumeLoaderService.swift in Sources */,
				E1AD862C2C31BA62008F38A3 /* InterestsView.swift in Sources */,
				E1AD86162C30C264008F38A3 /* EducationView.swift in Sources */,
				E1AD86222C31A67D008F38A3 /* ProjectsView.swift in Sources */,
				E1AD86122C30B0AA008F38A3 /* MeshGradientView.swift in Sources */,
				E1F487282C2F78EC00031976 /* ResumeView.swift in Sources */,
				E1AD86392C31D67A008F38A3 /* ResumeListViewModel.swift in Sources */,
				E1AD862E2C31BA84008F38A3 /* ReferencesView.swift in Sources */,
			);
			runOnlyForDeploymentPostprocessing = 0;
		};
		E1908B582C2F4F2C002C8F5F /* Sources */ = {
			isa = PBXSourcesBuildPhase;
			buildActionMask = 2147483647;
			files = (
				E1908B612C2F4F2C002C8F5F /* OpenCVTests.swift in Sources */,
			);
			runOnlyForDeploymentPostprocessing = 0;
		};
		E1908B622C2F4F2C002C8F5F /* Sources */ = {
			isa = PBXSourcesBuildPhase;
			buildActionMask = 2147483647;
			files = (
				E1908B6B2C2F4F2C002C8F5F /* OpenCVUITests.swift in Sources */,
				E1908B6D2C2F4F2C002C8F5F /* OpenCVUITestsLaunchTests.swift in Sources */,
			);
			runOnlyForDeploymentPostprocessing = 0;
		};
/* End PBXSourcesBuildPhase section */

/* Begin PBXTargetDependency section */
		E1908B5E2C2F4F2C002C8F5F /* PBXTargetDependency */ = {
			isa = PBXTargetDependency;
			target = E1908B492C2F4F2A002C8F5F /* OpenCV */;
			targetProxy = E1908B5D2C2F4F2C002C8F5F /* PBXContainerItemProxy */;
		};
		E1908B682C2F4F2C002C8F5F /* PBXTargetDependency */ = {
			isa = PBXTargetDependency;
			target = E1908B492C2F4F2A002C8F5F /* OpenCV */;
			targetProxy = E1908B672C2F4F2C002C8F5F /* PBXContainerItemProxy */;
		};
/* End PBXTargetDependency section */

/* Begin XCBuildConfiguration section */
		E1908B6E2C2F4F2C002C8F5F /* Debug */ = {
			isa = XCBuildConfiguration;
			buildSettings = {
				ALWAYS_SEARCH_USER_PATHS = NO;
				ASSETCATALOG_COMPILER_GENERATE_SWIFT_ASSET_SYMBOL_EXTENSIONS = YES;
				CLANG_ANALYZER_NONNULL = YES;
				CLANG_ANALYZER_NUMBER_OBJECT_CONVERSION = YES_AGGRESSIVE;
				CLANG_CXX_LANGUAGE_STANDARD = "gnu++20";
				CLANG_ENABLE_MODULES = YES;
				CLANG_ENABLE_OBJC_ARC = YES;
				CLANG_ENABLE_OBJC_WEAK = YES;
				CLANG_WARN_BLOCK_CAPTURE_AUTORELEASING = YES;
				CLANG_WARN_BOOL_CONVERSION = YES;
				CLANG_WARN_COMMA = YES;
				CLANG_WARN_CONSTANT_CONVERSION = YES;
				CLANG_WARN_DEPRECATED_OBJC_IMPLEMENTATIONS = YES;
				CLANG_WARN_DIRECT_OBJC_ISA_USAGE = YES_ERROR;
				CLANG_WARN_DOCUMENTATION_COMMENTS = YES;
				CLANG_WARN_EMPTY_BODY = YES;
				CLANG_WARN_ENUM_CONVERSION = YES;
				CLANG_WARN_INFINITE_RECURSION = YES;
				CLANG_WARN_INT_CONVERSION = YES;
				CLANG_WARN_NON_LITERAL_NULL_CONVERSION = YES;
				CLANG_WARN_OBJC_IMPLICIT_RETAIN_SELF = YES;
				CLANG_WARN_OBJC_LITERAL_CONVERSION = YES;
				CLANG_WARN_OBJC_ROOT_CLASS = YES_ERROR;
				CLANG_WARN_QUOTED_INCLUDE_IN_FRAMEWORK_HEADER = YES;
				CLANG_WARN_RANGE_LOOP_ANALYSIS = YES;
				CLANG_WARN_STRICT_PROTOTYPES = YES;
				CLANG_WARN_SUSPICIOUS_MOVE = YES;
				CLANG_WARN_UNGUARDED_AVAILABILITY = YES_AGGRESSIVE;
				CLANG_WARN_UNREACHABLE_CODE = YES;
				CLANG_WARN__DUPLICATE_METHOD_MATCH = YES;
				COPY_PHASE_STRIP = NO;
				DEBUG_INFORMATION_FORMAT = dwarf;
				ENABLE_STRICT_OBJC_MSGSEND = YES;
				ENABLE_TESTABILITY = YES;
				ENABLE_USER_SCRIPT_SANDBOXING = YES;
				GCC_C_LANGUAGE_STANDARD = gnu17;
				GCC_DYNAMIC_NO_PIC = NO;
				GCC_NO_COMMON_BLOCKS = YES;
				GCC_OPTIMIZATION_LEVEL = 0;
				GCC_PREPROCESSOR_DEFINITIONS = (
					"DEBUG=1",
					"$(inherited)",
				);
				GCC_WARN_64_TO_32_BIT_CONVERSION = YES;
				GCC_WARN_ABOUT_RETURN_TYPE = YES_ERROR;
				GCC_WARN_UNDECLARED_SELECTOR = YES;
				GCC_WARN_UNINITIALIZED_AUTOS = YES_AGGRESSIVE;
				GCC_WARN_UNUSED_FUNCTION = YES;
				GCC_WARN_UNUSED_VARIABLE = YES;
				IPHONEOS_DEPLOYMENT_TARGET = 18.0;
				LOCALIZATION_PREFERS_STRING_CATALOGS = YES;
				MTL_ENABLE_DEBUG_INFO = INCLUDE_SOURCE;
				MTL_FAST_MATH = YES;
				ONLY_ACTIVE_ARCH = YES;
				SDKROOT = iphoneos;
				SWIFT_ACTIVE_COMPILATION_CONDITIONS = "DEBUG $(inherited)";
				SWIFT_OPTIMIZATION_LEVEL = "-Onone";
			};
			name = Debug;
		};
		E1908B6F2C2F4F2C002C8F5F /* Release */ = {
			isa = XCBuildConfiguration;
			buildSettings = {
				ALWAYS_SEARCH_USER_PATHS = NO;
				ASSETCATALOG_COMPILER_GENERATE_SWIFT_ASSET_SYMBOL_EXTENSIONS = YES;
				CLANG_ANALYZER_NONNULL = YES;
				CLANG_ANALYZER_NUMBER_OBJECT_CONVERSION = YES_AGGRESSIVE;
				CLANG_CXX_LANGUAGE_STANDARD = "gnu++20";
				CLANG_ENABLE_MODULES = YES;
				CLANG_ENABLE_OBJC_ARC = YES;
				CLANG_ENABLE_OBJC_WEAK = YES;
				CLANG_WARN_BLOCK_CAPTURE_AUTORELEASING = YES;
				CLANG_WARN_BOOL_CONVERSION = YES;
				CLANG_WARN_COMMA = YES;
				CLANG_WARN_CONSTANT_CONVERSION = YES;
				CLANG_WARN_DEPRECATED_OBJC_IMPLEMENTATIONS = YES;
				CLANG_WARN_DIRECT_OBJC_ISA_USAGE = YES_ERROR;
				CLANG_WARN_DOCUMENTATION_COMMENTS = YES;
				CLANG_WARN_EMPTY_BODY = YES;
				CLANG_WARN_ENUM_CONVERSION = YES;
				CLANG_WARN_INFINITE_RECURSION = YES;
				CLANG_WARN_INT_CONVERSION = YES;
				CLANG_WARN_NON_LITERAL_NULL_CONVERSION = YES;
				CLANG_WARN_OBJC_IMPLICIT_RETAIN_SELF = YES;
				CLANG_WARN_OBJC_LITERAL_CONVERSION = YES;
				CLANG_WARN_OBJC_ROOT_CLASS = YES_ERROR;
				CLANG_WARN_QUOTED_INCLUDE_IN_FRAMEWORK_HEADER = YES;
				CLANG_WARN_RANGE_LOOP_ANALYSIS = YES;
				CLANG_WARN_STRICT_PROTOTYPES = YES;
				CLANG_WARN_SUSPICIOUS_MOVE = YES;
				CLANG_WARN_UNGUARDED_AVAILABILITY = YES_AGGRESSIVE;
				CLANG_WARN_UNREACHABLE_CODE = YES;
				CLANG_WARN__DUPLICATE_METHOD_MATCH = YES;
				COPY_PHASE_STRIP = NO;
				DEBUG_INFORMATION_FORMAT = "dwarf-with-dsym";
				ENABLE_NS_ASSERTIONS = NO;
				ENABLE_STRICT_OBJC_MSGSEND = YES;
				ENABLE_USER_SCRIPT_SANDBOXING = YES;
				GCC_C_LANGUAGE_STANDARD = gnu17;
				GCC_NO_COMMON_BLOCKS = YES;
				GCC_WARN_64_TO_32_BIT_CONVERSION = YES;
				GCC_WARN_ABOUT_RETURN_TYPE = YES_ERROR;
				GCC_WARN_UNDECLARED_SELECTOR = YES;
				GCC_WARN_UNINITIALIZED_AUTOS = YES_AGGRESSIVE;
				GCC_WARN_UNUSED_FUNCTION = YES;
				GCC_WARN_UNUSED_VARIABLE = YES;
				IPHONEOS_DEPLOYMENT_TARGET = 18.0;
				LOCALIZATION_PREFERS_STRING_CATALOGS = YES;
				MTL_ENABLE_DEBUG_INFO = NO;
				MTL_FAST_MATH = YES;
				SDKROOT = iphoneos;
				SWIFT_COMPILATION_MODE = wholemodule;
				VALIDATE_PRODUCT = YES;
			};
			name = Release;
		};
		E1908B712C2F4F2C002C8F5F /* Debug */ = {
			isa = XCBuildConfiguration;
			buildSettings = {
				ASSETCATALOG_COMPILER_APPICON_NAME = AppIcon;
				ASSETCATALOG_COMPILER_GLOBAL_ACCENT_COLOR_NAME = AccentColor;
				CODE_SIGN_STYLE = Automatic;
				CURRENT_PROJECT_VERSION = 1;
				DEVELOPMENT_ASSET_PATHS = "\"OpenCV/Preview Content\"";
				DEVELOPMENT_TEAM = WY258SLJLV;
				ENABLE_PREVIEWS = YES;
				GENERATE_INFOPLIST_FILE = YES;
				INFOPLIST_KEY_UIApplicationSceneManifest_Generation = YES;
				INFOPLIST_KEY_UIApplicationSupportsIndirectInputEvents = YES;
				INFOPLIST_KEY_UILaunchScreen_Generation = YES;
				INFOPLIST_KEY_UISupportedInterfaceOrientations_iPad = "UIInterfaceOrientationPortrait UIInterfaceOrientationPortraitUpsideDown UIInterfaceOrientationLandscapeLeft UIInterfaceOrientationLandscapeRight";
				INFOPLIST_KEY_UISupportedInterfaceOrientations_iPhone = "UIInterfaceOrientationPortrait UIInterfaceOrientationLandscapeLeft UIInterfaceOrientationLandscapeRight";
				LD_RUNPATH_SEARCH_PATHS = (
					"$(inherited)",
					"@executable_path/Frameworks",
				);
				MARKETING_VERSION = 1.0;
				PRODUCT_BUNDLE_IDENTIFIER = com.tapdigital.OpenCV;
				PRODUCT_NAME = "JSON CV";
				SWIFT_EMIT_LOC_STRINGS = YES;
				SWIFT_VERSION = 6.0;
				TARGETED_DEVICE_FAMILY = "1,2";
			};
			name = Debug;
		};
		E1908B722C2F4F2C002C8F5F /* Release */ = {
			isa = XCBuildConfiguration;
			buildSettings = {
				ASSETCATALOG_COMPILER_APPICON_NAME = AppIcon;
				ASSETCATALOG_COMPILER_GLOBAL_ACCENT_COLOR_NAME = AccentColor;
				CODE_SIGN_STYLE = Automatic;
				CURRENT_PROJECT_VERSION = 1;
				DEVELOPMENT_ASSET_PATHS = "\"OpenCV/Preview Content\"";
				DEVELOPMENT_TEAM = WY258SLJLV;
				ENABLE_PREVIEWS = YES;
				GENERATE_INFOPLIST_FILE = YES;
				INFOPLIST_KEY_UIApplicationSceneManifest_Generation = YES;
				INFOPLIST_KEY_UIApplicationSupportsIndirectInputEvents = YES;
				INFOPLIST_KEY_UILaunchScreen_Generation = YES;
				INFOPLIST_KEY_UISupportedInterfaceOrientations_iPad = "UIInterfaceOrientationPortrait UIInterfaceOrientationPortraitUpsideDown UIInterfaceOrientationLandscapeLeft UIInterfaceOrientationLandscapeRight";
				INFOPLIST_KEY_UISupportedInterfaceOrientations_iPhone = "UIInterfaceOrientationPortrait UIInterfaceOrientationLandscapeLeft UIInterfaceOrientationLandscapeRight";
				LD_RUNPATH_SEARCH_PATHS = (
					"$(inherited)",
					"@executable_path/Frameworks",
				);
				MARKETING_VERSION = 1.0;
				PRODUCT_BUNDLE_IDENTIFIER = com.tapdigital.OpenCV;
				PRODUCT_NAME = "JSON CV";
				SWIFT_EMIT_LOC_STRINGS = YES;
				SWIFT_VERSION = 6.0;
				TARGETED_DEVICE_FAMILY = "1,2";
			};
			name = Release;
		};
		E1908B742C2F4F2C002C8F5F /* Debug */ = {
			isa = XCBuildConfiguration;
			buildSettings = {
				BUNDLE_LOADER = "$(TEST_HOST)";
				CODE_SIGN_STYLE = Automatic;
				CURRENT_PROJECT_VERSION = 1;
				DEVELOPMENT_TEAM = WY258SLJLV;
				GENERATE_INFOPLIST_FILE = YES;
				IPHONEOS_DEPLOYMENT_TARGET = 18.0;
				MARKETING_VERSION = 1.0;
				PRODUCT_BUNDLE_IDENTIFIER = com.tapdigital.OpenCVTests;
				PRODUCT_NAME = "$(TARGET_NAME)";
				SWIFT_EMIT_LOC_STRINGS = NO;
				SWIFT_VERSION = 5.0;
				TARGETED_DEVICE_FAMILY = "1,2";
				TEST_HOST = "$(BUILT_PRODUCTS_DIR)/OpenCV.app/$(BUNDLE_EXECUTABLE_FOLDER_PATH)/OpenCV";
			};
			name = Debug;
		};
		E1908B752C2F4F2C002C8F5F /* Release */ = {
			isa = XCBuildConfiguration;
			buildSettings = {
				BUNDLE_LOADER = "$(TEST_HOST)";
				CODE_SIGN_STYLE = Automatic;
				CURRENT_PROJECT_VERSION = 1;
				DEVELOPMENT_TEAM = WY258SLJLV;
				GENERATE_INFOPLIST_FILE = YES;
				IPHONEOS_DEPLOYMENT_TARGET = 18.0;
				MARKETING_VERSION = 1.0;
				PRODUCT_BUNDLE_IDENTIFIER = com.tapdigital.OpenCVTests;
				PRODUCT_NAME = "$(TARGET_NAME)";
				SWIFT_EMIT_LOC_STRINGS = NO;
				SWIFT_VERSION = 5.0;
				TARGETED_DEVICE_FAMILY = "1,2";
				TEST_HOST = "$(BUILT_PRODUCTS_DIR)/OpenCV.app/$(BUNDLE_EXECUTABLE_FOLDER_PATH)/OpenCV";
			};
			name = Release;
		};
		E1908B772C2F4F2C002C8F5F /* Debug */ = {
			isa = XCBuildConfiguration;
			buildSettings = {
				CODE_SIGN_STYLE = Automatic;
				CURRENT_PROJECT_VERSION = 1;
				DEVELOPMENT_TEAM = WY258SLJLV;
				GENERATE_INFOPLIST_FILE = YES;
				MARKETING_VERSION = 1.0;
				PRODUCT_BUNDLE_IDENTIFIER = com.tapdigital.OpenCVUITests;
				PRODUCT_NAME = "$(TARGET_NAME)";
				SWIFT_EMIT_LOC_STRINGS = NO;
				SWIFT_VERSION = 5.0;
				TARGETED_DEVICE_FAMILY = "1,2";
				TEST_TARGET_NAME = OpenCV;
			};
			name = Debug;
		};
		E1908B782C2F4F2C002C8F5F /* Release */ = {
			isa = XCBuildConfiguration;
			buildSettings = {
				CODE_SIGN_STYLE = Automatic;
				CURRENT_PROJECT_VERSION = 1;
				DEVELOPMENT_TEAM = WY258SLJLV;
				GENERATE_INFOPLIST_FILE = YES;
				MARKETING_VERSION = 1.0;
				PRODUCT_BUNDLE_IDENTIFIER = com.tapdigital.OpenCVUITests;
				PRODUCT_NAME = "$(TARGET_NAME)";
				SWIFT_EMIT_LOC_STRINGS = NO;
				SWIFT_VERSION = 5.0;
				TARGETED_DEVICE_FAMILY = "1,2";
				TEST_TARGET_NAME = OpenCV;
			};
			name = Release;
		};
/* End XCBuildConfiguration section */

/* Begin XCConfigurationList section */
		E1908B452C2F4F2A002C8F5F /* Build configuration list for PBXProject "OpenCV" */ = {
			isa = XCConfigurationList;
			buildConfigurations = (
				E1908B6E2C2F4F2C002C8F5F /* Debug */,
				E1908B6F2C2F4F2C002C8F5F /* Release */,
			);
			defaultConfigurationIsVisible = 0;
			defaultConfigurationName = Release;
		};
		E1908B702C2F4F2C002C8F5F /* Build configuration list for PBXNativeTarget "OpenCV" */ = {
			isa = XCConfigurationList;
			buildConfigurations = (
				E1908B712C2F4F2C002C8F5F /* Debug */,
				E1908B722C2F4F2C002C8F5F /* Release */,
			);
			defaultConfigurationIsVisible = 0;
			defaultConfigurationName = Release;
		};
		E1908B732C2F4F2C002C8F5F /* Build configuration list for PBXNativeTarget "OpenCVTests" */ = {
			isa = XCConfigurationList;
			buildConfigurations = (
				E1908B742C2F4F2C002C8F5F /* Debug */,
				E1908B752C2F4F2C002C8F5F /* Release */,
			);
			defaultConfigurationIsVisible = 0;
			defaultConfigurationName = Release;
		};
		E1908B762C2F4F2C002C8F5F /* Build configuration list for PBXNativeTarget "OpenCVUITests" */ = {
			isa = XCConfigurationList;
			buildConfigurations = (
				E1908B772C2F4F2C002C8F5F /* Debug */,
				E1908B782C2F4F2C002C8F5F /* Release */,
			);
			defaultConfigurationIsVisible = 0;
			defaultConfigurationName = Release;
		};
/* End XCConfigurationList section */

/* Begin XCRemoteSwiftPackageReference section */
		E13829932C343C22000DA139 /* XCRemoteSwiftPackageReference "SDWebImageSwiftUI" */ = {
			isa = XCRemoteSwiftPackageReference;
			repositoryURL = "https://github.com/SDWebImage/SDWebImageSwiftUI.git";
			requirement = {
				kind = upToNextMajorVersion;
				minimumVersion = 3.1.1;
			};
		};
/* End XCRemoteSwiftPackageReference section */

/* Begin XCSwiftPackageProductDependency section */
		E13829942C343C22000DA139 /* SDWebImageSwiftUI */ = {
			isa = XCSwiftPackageProductDependency;
			package = E13829932C343C22000DA139 /* XCRemoteSwiftPackageReference "SDWebImageSwiftUI" */;
			productName = SDWebImageSwiftUI;
		};
/* End XCSwiftPackageProductDependency section */
	};
	rootObject = E1908B422C2F4F2A002C8F5F /* Project object */;
}
